{
  "name": "vuejs-cordova-sample",
  "version": "1.0.0",
  "lockfileVersion": 1,
  "requires": true,
  "dependencies": {
    "vuetify": {
      "version": "0.14.7",
      "resolved": "https://registry.npmjs.org/vuetify/-/vuetify-0.14.7.tgz",
      "integrity": "sha512-wHgGw2/Tyg93l9jdDBvB8KDhnGL8JNn+B05rHD8SIliqySQ5rP0ys0h7q1DRkGbGz7fhgKaqrzqVYaQcN3JrHg=="
    }
  }
}
